{
  "name": "ghost",
  "version": "0.4.2",
  "dependencies": {
    "bcryptjs": {
      "version": "0.7.10",
      "from": "bcryptjs@0.7.10",
      "resolved": "http://registry.npmjs.org/bcryptjs/-/bcryptjs-0.7.10.tgz"
    },
    "bookshelf": {
      "version": "0.6.1",
      "from": "bookshelf@0.6.1",
      "resolved": "http://registry.npmjs.org/bookshelf/-/bookshelf-0.6.1.tgz",
      "dependencies": {
        "backbone": {
          "version": "1.1.2",
          "from": "backbone@~1.1.0",
          "resolved": "http://registry.npmjs.org/backbone/-/backbone-1.1.2.tgz",
          "dependencies": {
            "underscore": {
              "version": "1.6.0",
              "from": "underscore@>=1.5.0",
              "resolved": "http://registry.npmjs.org/underscore/-/underscore-1.6.0.tgz"
            }
          }
        },
        "inflection": {
          "version": "1.2.7",
          "from": "inflection@~1.2.x",
          "resolved": "http://registry.npmjs.org/inflection/-/inflection-1.2.7.tgz"
        },
        "trigger-then": {
          "version": "0.1.1",
          "from": "trigger-then@~0.1.1",
          "resolved": "http://registry.npmjs.org/trigger-then/-/trigger-then-0.1.1.tgz"
        },
        "bluebird": {
          "version": "0.10.14-0",
          "from": "bluebird@~0.10.5-0",
          "resolved": "http://registry.npmjs.org/bluebird/-/bluebird-0.10.14-0.tgz"
        },
        "lodash": {
          "version": "2.3.0",
          "from": "lodash@~2.3.0",
          "resolved": "http://registry.npmjs.org/lodash/-/lodash-2.3.0.tgz"
        }
      }
    },
    "busboy": {
      "version": "0.0.12",
      "from": "busboy@0.0.12",
      "resolved": "http://registry.npmjs.org/busboy/-/busboy-0.0.12.tgz",
      "dependencies": {
        "dicer": {
          "version": "0.1.5",
          "from": "dicer@0.1.5",
          "resolved": "http://registry.npmjs.org/dicer/-/dicer-0.1.5.tgz",
          "dependencies": {
            "streamsearch": {
              "version": "0.1.2",
              "from": "streamsearch@0.1.2",
              "resolved": "http://registry.npmjs.org/streamsearch/-/streamsearch-0.1.2.tgz"
            }
          }
        },
        "readable-stream": {
          "version": "1.1.13-1",
          "from": "readable-stream@1.1.x",
          "resolved": "http://registry.npmjs.org/readable-stream/-/readable-stream-1.1.13-1.tgz",
          "dependencies": {
            "core-util-is": {
              "version": "1.0.1",
              "from": "core-util-is@~1.0.0",
              "resolved": "http://registry.npmjs.org/core-util-is/-/core-util-is-1.0.1.tgz"
            },
            "isarray": {
              "version": "0.0.1",
              "from": "isarray@0.0.1",
              "resolved": "http://registry.npmjs.org/isarray/-/isarray-0.0.1.tgz"
            },
            "string_decoder": {
              "version": "0.10.25-1",
              "from": "string_decoder@~0.10.x",
              "resolved": "http://registry.npmjs.org/string_decoder/-/string_decoder-0.10.25-1.tgz"
            },
            "inherits": {
              "version": "2.0.1",
              "from": "inherits@~2.0.1",
              "resolved": "http://registry.npmjs.org/inherits/-/inherits-2.0.1.tgz"
            }
          }
        }
      }
    },
    "colors": {
      "version": "0.6.2",
      "from": "colors@0.6.2",
      "resolved": "http://registry.npmjs.org/colors/-/colors-0.6.2.tgz"
    },
    "connect-slashes": {
      "version": "1.2.0",
      "from": "connect-slashes@1.2.0",
      "resolved": "http://registry.npmjs.org/connect-slashes/-/connect-slashes-1.2.0.tgz"
    },
    "downsize": {
      "version": "0.0.5",
      "from": "downsize@0.0.5",
      "resolved": "http://registry.npmjs.org/downsize/-/downsize-0.0.5.tgz",
      "dependencies": {
        "xregexp": {
          "version": "2.0.0",
          "from": "xregexp@2.0.0",
          "resolved": "http://registry.npmjs.org/xregexp/-/xregexp-2.0.0.tgz"
        }
      }
    },
    "express": {
      "version": "3.4.6",
      "from": "express@3.4.6",
      "resolved": "http://registry.npmjs.org/express/-/express-3.4.6.tgz",
      "dependencies": {
        "connect": {
          "version": "2.11.2",
          "from": "connect@2.11.2",
          "resolved": "http://registry.npmjs.org/connect/-/connect-2.11.2.tgz",
          "dependencies": {
            "qs": {
              "version": "0.6.5",
              "from": "qs@0.6.5",
              "resolved": "http://registry.npmjs.org/qs/-/qs-0.6.5.tgz"
            },
            "bytes": {
              "version": "0.2.1",
              "from": "bytes@0.2.1",
              "resolved": "http://registry.npmjs.org/bytes/-/bytes-0.2.1.tgz"
            },
            "pause": {
              "version": "0.0.1",
              "from": "pause@0.0.1",
              "resolved": "http://registry.npmjs.org/pause/-/pause-0.0.1.tgz"
            },
            "uid2": {
              "version": "0.0.3",
              "from": "uid2@0.0.3",
              "resolved": "http://registry.npmjs.org/uid2/-/uid2-0.0.3.tgz"
            },
            "raw-body": {
              "version": "1.1.2",
              "from": "raw-body@1.1.2",
              "resolved": "http://registry.npmjs.org/raw-body/-/raw-body-1.1.2.tgz"
            },
            "negotiator": {
              "version": "0.3.0",
              "from": "negotiator@0.3.0",
              "resolved": "http://registry.npmjs.org/negotiator/-/negotiator-0.3.0.tgz"
            },
            "multiparty": {
              "version": "2.2.0",
              "from": "multiparty@2.2.0",
              "resolved": "http://registry.npmjs.org/multiparty/-/multiparty-2.2.0.tgz",
              "dependencies": {
                "readable-stream": {
                  "version": "1.1.13-1",
                  "from": "readable-stream@~1.1.9",
                  "resolved": "http://registry.npmjs.org/readable-stream/-/readable-stream-1.1.13-1.tgz",
                  "dependencies": {
                    "core-util-is": {
                      "version": "1.0.1",
                      "from": "core-util-is@~1.0.0",
                      "resolved": "http://registry.npmjs.org/core-util-is/-/core-util-is-1.0.1.tgz"
                    },
                    "isarray": {
                      "version": "0.0.1",
                      "from": "isarray@0.0.1",
                      "resolved": "http://registry.npmjs.org/isarray/-/isarray-0.0.1.tgz"
                    },
                    "string_decoder": {
                      "version": "0.10.25-1",
                      "from": "string_decoder@~0.10.x",
                      "resolved": "http://registry.npmjs.org/string_decoder/-/string_decoder-0.10.25-1.tgz"
                    },
                    "inherits": {
                      "version": "2.0.1",
                      "from": "inherits@~2.0.1",
                      "resolved": "http://registry.npmjs.org/inherits/-/inherits-2.0.1.tgz"
                    }
                  }
                },
                "stream-counter": {
                  "version": "0.2.0",
                  "from": "stream-counter@~0.2.0",
                  "resolved": "http://registry.npmjs.org/stream-counter/-/stream-counter-0.2.0.tgz"
                }
              }
            }
          }
        },
        "commander": {
          "version": "1.3.2",
          "from": "commander@1.3.2",
          "resolved": "http://registry.npmjs.org/commander/-/commander-1.3.2.tgz",
          "dependencies": {
            "keypress": {
              "version": "0.1.0",
              "from": "keypress@0.1.x",
              "resolved": "http://registry.npmjs.org/keypress/-/keypress-0.1.0.tgz"
            }
          }
        },
        "range-parser": {
          "version": "0.0.4",
          "from": "range-parser@0.0.4",
          "resolved": "http://registry.npmjs.org/range-parser/-/range-parser-0.0.4.tgz"
        },
        "mkdirp": {
          "version": "0.3.5",
          "from": "mkdirp@~0.3.5",
          "resolved": "http://registry.npmjs.org/mkdirp/-/mkdirp-0.3.5.tgz"
        },
        "cookie": {
          "version": "0.1.0",
          "from": "cookie@0.1.0",
          "resolved": "http://registry.npmjs.org/cookie/-/cookie-0.1.0.tgz"
        },
        "buffer-crc32": {
          "version": "0.2.1",
          "from": "buffer-crc32@0.2.1",
          "resolved": "http://registry.npmjs.org/buffer-crc32/-/buffer-crc32-0.2.1.tgz"
        },
        "fresh": {
          "version": "0.2.0",
          "from": "fresh@0.2.0",
          "resolved": "http://registry.npmjs.org/fresh/-/fresh-0.2.0.tgz"
        },
        "methods": {
          "version": "0.1.0",
          "from": "methods@0.1.0",
          "resolved": "http://registry.npmjs.org/methods/-/methods-0.1.0.tgz"
        },
        "send": {
          "version": "0.1.4",
          "from": "send@0.1.4",
          "resolved": "http://registry.npmjs.org/send/-/send-0.1.4.tgz",
          "dependencies": {
            "mime": {
              "version": "1.2.11",
              "from": "mime@~1.2.9",
              "resolved": "http://registry.npmjs.org/mime/-/mime-1.2.11.tgz"
            }
          }
        },
        "cookie-signature": {
          "version": "1.0.1",
          "from": "cookie-signature@1.0.1",
          "resolved": "http://registry.npmjs.org/cookie-signature/-/cookie-signature-1.0.1.tgz"
        },
        "debug": {
          "version": "0.8.1",
          "from": "debug@>= 0.7.3 < 1",
          "resolved": "http://registry.npmjs.org/debug/-/debug-0.8.1.tgz"
        }
      }
    },
    "express-hbs": {
      "version": "0.7.9",
      "from": "express-hbs@0.7.9",
      "resolved": "http://registry.npmjs.org/express-hbs/-/express-hbs-0.7.9.tgz",
      "dependencies": {
        "handlebars": {
          "version": "1.3.0",
          "from": "handlebars@~1.3",
          "resolved": "http://registry.npmjs.org/handlebars/-/handlebars-1.3.0.tgz",
          "dependencies": {
            "optimist": {
              "version": "0.3.7",
              "from": "optimist@~0.3",
              "resolved": "http://registry.npmjs.org/optimist/-/optimist-0.3.7.tgz",
              "dependencies": {
                "wordwrap": {
                  "version": "0.0.2",
                  "from": "wordwrap@~0.0.2",
                  "resolved": "http://registry.npmjs.org/wordwrap/-/wordwrap-0.0.2.tgz"
                }
              }
            },
            "uglify-js": {
              "version": "2.3.6",
              "from": "uglify-js@~2.3",
              "resolved": "http://registry.npmjs.org/uglify-js/-/uglify-js-2.3.6.tgz",
              "dependencies": {
                "async": {
                  "version": "0.2.10",
                  "from": "async@~0.2.6",
                  "resolved": "http://registry.npmjs.org/async/-/async-0.2.10.tgz"
                },
                "source-map": {
                  "version": "0.1.34",
                  "from": "source-map@~0.1.7",
                  "resolved": "http://registry.npmjs.org/source-map/-/source-map-0.1.34.tgz",
                  "dependencies": {
                    "amdefine": {
                      "version": "0.1.0",
                      "from": "amdefine@>=0.0.4",
                      "resolved": "http://registry.npmjs.org/amdefine/-/amdefine-0.1.0.tgz"
                    }
                  }
                }
              }
            }
          }
        },
        "readdirp": {
          "version": "0.3.3",
          "from": "readdirp@~0.3.1",
          "resolved": "http://registry.npmjs.org/readdirp/-/readdirp-0.3.3.tgz",
          "dependencies": {
            "graceful-fs": {
              "version": "2.0.3",
              "from": "graceful-fs@~2.0.0",
              "resolved": "http://registry.npmjs.org/graceful-fs/-/graceful-fs-2.0.3.tgz"
            },
            "minimatch": {
              "version": "0.2.14",
              "from": "minimatch@~0.2.12",
              "resolved": "http://registry.npmjs.org/minimatch/-/minimatch-0.2.14.tgz",
              "dependencies": {
                "lru-cache": {
                  "version": "2.5.0",
                  "from": "lru-cache@2",
                  "resolved": "http://registry.npmjs.org/lru-cache/-/lru-cache-2.5.0.tgz"
                },
                "sigmund": {
                  "version": "1.0.0",
                  "from": "sigmund@~1.0.0",
                  "resolved": "http://registry.npmjs.org/sigmund/-/sigmund-1.0.0.tgz"
                }
              }
            }
          }
        },
        "js-beautify": {
          "version": "1.4.2",
          "from": "js-beautify@~1.4.2",
          "resolved": "http://registry.npmjs.org/js-beautify/-/js-beautify-1.4.2.tgz",
          "dependencies": {
            "config-chain": {
              "version": "1.1.8",
              "from": "config-chain@~1.1.5",
              "resolved": "http://registry.npmjs.org/config-chain/-/config-chain-1.1.8.tgz",
              "dependencies": {
                "proto-list": {
                  "version": "1.2.3",
                  "from": "proto-list@~1.2.1",
                  "resolved": "http://registry.npmjs.org/proto-list/-/proto-list-1.2.3.tgz"
                },
                "ini": {
                  "version": "1.2.1",
                  "from": "ini@1",
                  "resolved": "http://registry.npmjs.org/ini/-/ini-1.2.1.tgz"
                }
              }
            },
            "mkdirp": {
              "version": "0.3.5",
              "from": "mkdirp@0.3.5",
              "resolved": "http://registry.npmjs.org/mkdirp/-/mkdirp-0.3.5.tgz"
            },
            "nopt": {
              "version": "2.1.2",
              "from": "nopt@~2.1.1",
              "resolved": "http://registry.npmjs.org/nopt/-/nopt-2.1.2.tgz",
              "dependencies": {
                "abbrev": {
                  "version": "1.0.5",
                  "from": "abbrev@1",
                  "resolved": "http://registry.npmjs.org/abbrev/-/abbrev-1.0.5.tgz"
                }
              }
            }
          }
        }
      }
    },
    "fs-extra": {
      "version": "0.8.1",
      "from": "fs-extra@0.8.1",
      "resolved": "http://registry.npmjs.org/fs-extra/-/fs-extra-0.8.1.tgz",
      "dependencies": {
        "ncp": {
          "version": "0.4.2",
          "from": "ncp@~0.4.2",
          "resolved": "http://registry.npmjs.org/ncp/-/ncp-0.4.2.tgz"
        },
        "mkdirp": {
          "version": "0.3.5",
          "from": "mkdirp@0.3.x",
          "resolved": "http://registry.npmjs.org/mkdirp/-/mkdirp-0.3.5.tgz"
        },
        "jsonfile": {
          "version": "1.1.1",
          "from": "jsonfile@~1.1.0",
          "resolved": "http://registry.npmjs.org/jsonfile/-/jsonfile-1.1.1.tgz"
        },
        "rimraf": {
          "version": "2.2.8",
          "from": "rimraf@~2.2.0",
          "resolved": "http://registry.npmjs.org/rimraf/-/rimraf-2.2.8.tgz"
        }
      }
    },
    "knex": {
      "version": "0.5.8",
      "from": "knex@0.5.8",
      "resolved": "http://registry.npmjs.org/knex/-/knex-0.5.8.tgz",
      "dependencies": {
        "generic-pool-redux": {
          "version": "0.1.0",
          "from": "generic-pool-redux@~0.1.0",
          "resolved": "http://registry.npmjs.org/generic-pool-redux/-/generic-pool-redux-0.1.0.tgz"
        },
        "optimist": {
          "version": "0.6.1",
          "from": "optimist@~0.6.0",
          "resolved": "http://registry.npmjs.org/optimist/-/optimist-0.6.1.tgz",
          "dependencies": {
            "wordwrap": {
              "version": "0.0.2",
              "from": "wordwrap@~0.0.2",
              "resolved": "http://registry.npmjs.org/wordwrap/-/wordwrap-0.0.2.tgz"
            },
            "minimist": {
              "version": "0.0.10",
              "from": "minimist@~0.0.1",
              "resolved": "http://registry.npmjs.org/minimist/-/minimist-0.0.10.tgz"
            }
          }
        },
        "mkdirp": {
          "version": "0.3.5",
          "from": "mkdirp@~0.3.5",
          "resolved": "http://registry.npmjs.org/mkdirp/-/mkdirp-0.3.5.tgz"
        },
        "bluebird": {
          "version": "1.0.8",
          "from": "bluebird@~1.0.0",
          "resolved": "http://registry.npmjs.org/bluebird/-/bluebird-1.0.8.tgz"
        }
      }
    },
    "lodash": {
      "version": "2.4.1",
      "from": "lodash@2.4.1",
      "resolved": "http://registry.npmjs.org/lodash/-/lodash-2.4.1.tgz"
    },
    "moment": {
      "version": "2.4.0",
      "from": "moment@2.4.0",
      "resolved": "http://registry.npmjs.org/moment/-/moment-2.4.0.tgz"
    },
    "node-polyglot": {
      "version": "0.3.0",
      "from": "node-polyglot@0.3.0",
      "resolved": "http://registry.npmjs.org/node-polyglot/-/node-polyglot-0.3.0.tgz"
    },
    "node-uuid": {
      "version": "1.4.1",
      "from": "node-uuid@1.4.1",
      "resolved": "http://registry.npmjs.org/node-uuid/-/node-uuid-1.4.1.tgz"
    },
    "nodemailer": {
      "version": "0.5.13",
      "from": "nodemailer@0.5.13",
      "resolved": "http://registry.npmjs.org/nodemailer/-/nodemailer-0.5.13.tgz",
      "dependencies": {
        "mailcomposer": {
          "version": "0.2.11",
          "from": "mailcomposer@~0.2.5",
          "resolved": "http://registry.npmjs.org/mailcomposer/-/mailcomposer-0.2.11.tgz",
          "dependencies": {
            "mimelib": {
              "version": "0.2.16",
              "from": "mimelib@~0.2.15",
              "resolved": "http://registry.npmjs.org/mimelib/-/mimelib-0.2.16.tgz",
              "dependencies": {
                "encoding": {
                  "version": "0.1.8",
                  "from": "encoding@~0.1.7",
                  "resolved": "http://registry.npmjs.org/encoding/-/encoding-0.1.8.tgz",
                  "dependencies": {
                    "iconv-lite": {
                      "version": "0.4.3",
                      "from": "iconv-lite@~0.4.3",
                      "resolved": "http://registry.npmjs.org/iconv-lite/-/iconv-lite-0.4.3.tgz"
                    }
                  }
                },
                "addressparser": {
                  "version": "0.2.1",
                  "from": "addressparser@~0.2.1",
                  "resolved": "http://registry.npmjs.org/addressparser/-/addressparser-0.2.1.tgz"
                }
              }
            },
            "mime": {
              "version": "1.2.11",
              "from": "mime@~1.2.11",
              "resolved": "http://registry.npmjs.org/mime/-/mime-1.2.11.tgz"
            },
            "punycode": {
              "version": "1.2.4",
              "from": "punycode@~1.2.4",
              "resolved": "http://registry.npmjs.org/punycode/-/punycode-1.2.4.tgz"
            },
            "follow-redirects": {
              "version": "0.0.3",
              "from": "follow-redirects@0.0.3",
              "resolved": "http://registry.npmjs.org/follow-redirects/-/follow-redirects-0.0.3.tgz",
              "dependencies": {
                "underscore": {
                  "version": "1.6.0",
                  "from": "underscore@",
                  "resolved": "http://registry.npmjs.org/underscore/-/underscore-1.6.0.tgz"
                }
              }
            },
            "dkim-signer": {
              "version": "0.1.2",
              "from": "dkim-signer@~0.1.1",
              "resolved": "http://registry.npmjs.org/dkim-signer/-/dkim-signer-0.1.2.tgz"
            }
          }
        },
        "simplesmtp": {
          "version": "0.3.32",
          "from": "simplesmtp@~0.2 || ~0.3",
          "resolved": "http://registry.npmjs.org/simplesmtp/-/simplesmtp-0.3.32.tgz",
          "dependencies": {
            "rai": {
              "version": "0.1.11",
              "from": "rai@~0.1.11",
              "resolved": "http://registry.npmjs.org/rai/-/rai-0.1.11.tgz"
            },
            "xoauth2": {
              "version": "0.1.8",
              "from": "xoauth2@~0.1.8",
              "resolved": "http://registry.npmjs.org/xoauth2/-/xoauth2-0.1.8.tgz"
            }
          }
        },
        "directmail": {
          "version": "0.1.8",
          "from": "directmail@~0.1.1",
          "resolved": "http://registry.npmjs.org/directmail/-/directmail-0.1.8.tgz"
        },
        "he": {
          "version": "0.3.6",
          "from": "he@~0.3.6",
          "resolved": "http://registry.npmjs.org/he/-/he-0.3.6.tgz"
        },
        "readable-stream": {
          "version": "1.0.27-1",
          "from": "readable-stream@*",
          "resolved": "http://registry.npmjs.org/readable-stream/-/readable-stream-1.0.27-1.tgz",
          "dependencies": {
            "core-util-is": {
              "version": "1.0.1",
              "from": "core-util-is@~1.0.0",
              "resolved": "http://registry.npmjs.org/core-util-is/-/core-util-is-1.0.1.tgz"
            },
            "isarray": {
              "version": "0.0.1",
              "from": "isarray@0.0.1",
              "resolved": "http://registry.npmjs.org/isarray/-/isarray-0.0.1.tgz"
            },
            "string_decoder": {
              "version": "0.10.25-1",
              "from": "string_decoder@~0.10.x",
              "resolved": "http://registry.npmjs.org/string_decoder/-/string_decoder-0.10.25-1.tgz"
            },
            "inherits": {
              "version": "2.0.1",
              "from": "inherits@~2.0.1",
              "resolved": "http://registry.npmjs.org/inherits/-/inherits-2.0.1.tgz"
            }
          }
        }
      }
    },
    "rss": {
      "version": "0.2.1",
      "from": "rss@0.2.1",
      "resolved": "http://registry.npmjs.org/rss/-/rss-0.2.1.tgz",
      "dependencies": {
        "mime": {
          "version": "1.2.11",
          "from": "mime@~1.2.11",
          "resolved": "http://registry.npmjs.org/mime/-/mime-1.2.11.tgz"
        }
      }
    },
    "semver": {
      "version": "2.2.1",
      "from": "semver@2.2.1",
      "resolved": "http://registry.npmjs.org/semver/-/semver-2.2.1.tgz"
    },
    "showdown": {
      "version": "0.3.2-ghost",
      "from": "https://github.com/ErisDS/showdown/archive/v0.3.2-ghost.tar.gz",
      "resolved": "https://github.com/ErisDS/showdown/archive/v0.3.2-ghost.tar.gz"
    },
    "sqlite3": {
      "version": "2.2.0",
      "from": "sqlite3@2.2.0",
      "resolved": "http://registry.npmjs.org/sqlite3/-/sqlite3-2.2.0.tgz",
      "dependencies": {
        "node-pre-gyp": {
          "version": "0.2.6",
          "from": "node-pre-gyp@~0.2.5",
          "resolved": "http://registry.npmjs.org/node-pre-gyp/-/node-pre-gyp-0.2.6.tgz",
          "dependencies": {
            "nopt": {
              "version": "2.1.2",
              "from": "nopt@~2.1.2",
              "resolved": "http://registry.npmjs.org/nopt/-/nopt-2.1.2.tgz",
              "dependencies": {
                "abbrev": {
                  "version": "1.0.5",
                  "from": "abbrev@1",
                  "resolved": "http://registry.npmjs.org/abbrev/-/abbrev-1.0.5.tgz"
                }
              }
            },
            "npmlog": {
              "version": "0.0.6",
              "from": "npmlog@~0.0.6",
              "resolved": "http://registry.npmjs.org/npmlog/-/npmlog-0.0.6.tgz",
              "dependencies": {
                "ansi": {
                  "version": "0.2.1",
                  "from": "ansi@~0.2.1",
                  "resolved": "http://registry.npmjs.org/ansi/-/ansi-0.2.1.tgz"
                }
              }
            },
            "request": {
              "version": "2.36.0",
              "from": "request@2",
              "resolved": "http://registry.npmjs.org/request/-/request-2.36.0.tgz",
              "dependencies": {
                "qs": {
                  "version": "0.6.6",
                  "from": "qs@~0.6.0",
                  "resolved": "http://registry.npmjs.org/qs/-/qs-0.6.6.tgz"
                },
                "json-stringify-safe": {
                  "version": "5.0.0",
                  "from": "json-stringify-safe@~5.0.0",
                  "resolved": "http://registry.npmjs.org/json-stringify-safe/-/json-stringify-safe-5.0.0.tgz"
                },
                "mime": {
                  "version": "1.2.11",
                  "from": "mime@~1.2.9",
                  "resolved": "http://registry.npmjs.org/mime/-/mime-1.2.11.tgz"
                },
                "forever-agent": {
                  "version": "0.5.2",
                  "from": "forever-agent@~0.5.0",
                  "resolved": "http://registry.npmjs.org/forever-agent/-/forever-agent-0.5.2.tgz"
                },
                "tough-cookie": {
                  "version": "0.12.1",
                  "from": "tough-cookie@>=0.12.0",
                  "resolved": "http://registry.npmjs.org/tough-cookie/-/tough-cookie-0.12.1.tgz",
                  "dependencies": {
                    "punycode": {
                      "version": "1.2.4",
                      "from": "punycode@>=0.2.0",
                      "resolved": "http://registry.npmjs.org/punycode/-/punycode-1.2.4.tgz"
                    }
                  }
                },
                "form-data": {
                  "version": "0.1.4",
                  "from": "form-data@~0.1.0",
                  "resolved": "http://registry.npmjs.org/form-data/-/form-data-0.1.4.tgz",
                  "dependencies": {
                    "combined-stream": {
                      "version": "0.0.5",
                      "from": "combined-stream@~0.0.4",
                      "resolved": "http://registry.npmjs.org/combined-stream/-/combined-stream-0.0.5.tgz",
                      "dependencies": {
                        "delayed-stream": {
                          "version": "0.0.5",
                          "from": "delayed-stream@0.0.5",
                          "resolved": "http://registry.npmjs.org/delayed-stream/-/delayed-stream-0.0.5.tgz"
                        }
                      }
                    },
                    "async": {
                      "version": "0.9.0",
                      "from": "async@~0.9.0",
                      "resolved": "http://registry.npmjs.org/async/-/async-0.9.0.tgz"
                    }
                  }
                },
                "tunnel-agent": {
                  "version": "0.4.0",
                  "from": "tunnel-agent@~0.4.0",
                  "resolved": "http://registry.npmjs.org/tunnel-agent/-/tunnel-agent-0.4.0.tgz"
                },
                "http-signature": {
                  "version": "0.10.0",
                  "from": "http-signature@~0.10.0",
                  "resolved": "http://registry.npmjs.org/http-signature/-/http-signature-0.10.0.tgz",
                  "dependencies": {
                    "assert-plus": {
                      "version": "0.1.2",
                      "from": "assert-plus@0.1.2",
                      "resolved": "http://registry.npmjs.org/assert-plus/-/assert-plus-0.1.2.tgz"
                    },
                    "asn1": {
                      "version": "0.1.11",
                      "from": "asn1@0.1.11",
                      "resolved": "http://registry.npmjs.org/asn1/-/asn1-0.1.11.tgz"
                    },
                    "ctype": {
                      "version": "0.5.2",
                      "from": "ctype@0.5.2",
                      "resolved": "http://registry.npmjs.org/ctype/-/ctype-0.5.2.tgz"
                    }
                  }
                },
                "oauth-sign": {
                  "version": "0.3.0",
                  "from": "oauth-sign@~0.3.0",
                  "resolved": "http://registry.npmjs.org/oauth-sign/-/oauth-sign-0.3.0.tgz"
                },
                "hawk": {
                  "version": "1.0.0",
                  "from": "hawk@~1.0.0",
                  "resolved": "http://registry.npmjs.org/hawk/-/hawk-1.0.0.tgz",
                  "dependencies": {
                    "hoek": {
                      "version": "0.9.1",
                      "from": "hoek@0.9.x",
                      "resolved": "http://registry.npmjs.org/hoek/-/hoek-0.9.1.tgz"
                    },
                    "boom": {
                      "version": "0.4.2",
                      "from": "boom@0.4.x",
                      "resolved": "http://registry.npmjs.org/boom/-/boom-0.4.2.tgz"
                    },
                    "cryptiles": {
                      "version": "0.2.2",
                      "from": "cryptiles@0.2.x",
                      "resolved": "http://registry.npmjs.org/cryptiles/-/cryptiles-0.2.2.tgz"
                    },
                    "sntp": {
                      "version": "0.2.4",
                      "from": "sntp@0.2.x",
                      "resolved": "http://registry.npmjs.org/sntp/-/sntp-0.2.4.tgz"
                    }
                  }
                },
                "aws-sign2": {
                  "version": "0.5.0",
                  "from": "aws-sign2@~0.5.0",
                  "resolved": "http://registry.npmjs.org/aws-sign2/-/aws-sign2-0.5.0.tgz"
                }
              }
            },
            "semver": {
              "version": "2.1.0",
              "from": "semver@~2.1.0",
              "resolved": "http://registry.npmjs.org/semver/-/semver-2.1.0.tgz"
            },
            "tar": {
              "version": "0.1.20",
              "from": "tar@~0.1.19",
              "resolved": "http://registry.npmjs.org/tar/-/tar-0.1.20.tgz",
              "dependencies": {
                "block-stream": {
                  "version": "0.0.7",
                  "from": "block-stream@*",
                  "resolved": "http://registry.npmjs.org/block-stream/-/block-stream-0.0.7.tgz"
                },
                "fstream": {
                  "version": "0.1.28",
                  "from": "fstream@~0.1.28",
                  "resolved": "http://registry.npmjs.org/fstream/-/fstream-0.1.28.tgz",
                  "dependencies": {
                    "graceful-fs": {
                      "version": "3.0.2",
                      "from": "graceful-fs@~3.0.2",
                      "resolved": "http://registry.npmjs.org/graceful-fs/-/graceful-fs-3.0.2.tgz"
                    }
                  }
                },
                "inherits": {
                  "version": "2.0.1",
                  "from": "inherits@2",
                  "resolved": "http://registry.npmjs.org/inherits/-/inherits-2.0.1.tgz"
                }
              }
            },
            "tar-pack": {
              "version": "2.0.0",
              "from": "tar-pack@~2.0.0",
              "resolved": "http://registry.npmjs.org/tar-pack/-/tar-pack-2.0.0.tgz",
              "dependencies": {
                "uid-number": {
                  "version": "0.0.3",
                  "from": "uid-number@0.0.3",
                  "resolved": "http://registry.npmjs.org/uid-number/-/uid-number-0.0.3.tgz"
                },
                "once": {
                  "version": "1.1.1",
                  "from": "once@~1.1.1",
                  "resolved": "http://registry.npmjs.org/once/-/once-1.1.1.tgz"
                },
                "debug": {
                  "version": "0.7.4",
                  "from": "debug@~0.7.2",
                  "resolved": "http://registry.npmjs.org/debug/-/debug-0.7.4.tgz"
                },
                "fstream": {
                  "version": "0.1.28",
                  "from": "fstream@~0.1.28",
                  "resolved": "http://registry.npmjs.org/fstream/-/fstream-0.1.28.tgz",
                  "dependencies": {
                    "graceful-fs": {
                      "version": "3.0.2",
                      "from": "graceful-fs@~3.0.2",
                      "resolved": "http://registry.npmjs.org/graceful-fs/-/graceful-fs-3.0.2.tgz"
                    },
                    "inherits": {
                      "version": "2.0.1",
                      "from": "inherits@~2.0.0",
                      "resolved": "http://registry.npmjs.org/inherits/-/inherits-2.0.1.tgz"
                    }
                  }
                },
                "fstream-ignore": {
                  "version": "0.0.7",
                  "from": "fstream-ignore@0.0.7",
                  "resolved": "http://registry.npmjs.org/fstream-ignore/-/fstream-ignore-0.0.7.tgz",
                  "dependencies": {
                    "minimatch": {
                      "version": "0.2.14",
                      "from": "minimatch@~0.2.0",
                      "resolved": "http://registry.npmjs.org/minimatch/-/minimatch-0.2.14.tgz",
                      "dependencies": {
                        "lru-cache": {
                          "version": "2.5.0",
                          "from": "lru-cache@2",
                          "resolved": "http://registry.npmjs.org/lru-cache/-/lru-cache-2.5.0.tgz"
                        },
                        "sigmund": {
                          "version": "1.0.0",
                          "from": "sigmund@~1.0.0",
                          "resolved": "http://registry.npmjs.org/sigmund/-/sigmund-1.0.0.tgz"
                        }
                      }
                    },
                    "inherits": {
                      "version": "2.0.1",
                      "from": "inherits@2",
                      "resolved": "http://registry.npmjs.org/inherits/-/inherits-2.0.1.tgz"
                    }
                  }
                },
                "readable-stream": {
                  "version": "1.0.27-1",
                  "from": "readable-stream@~1.0.2",
                  "resolved": "http://registry.npmjs.org/readable-stream/-/readable-stream-1.0.27-1.tgz",
                  "dependencies": {
                    "core-util-is": {
                      "version": "1.0.1",
                      "from": "core-util-is@~1.0.0",
                      "resolved": "http://registry.npmjs.org/core-util-is/-/core-util-is-1.0.1.tgz"
                    },
                    "isarray": {
                      "version": "0.0.1",
                      "from": "isarray@0.0.1",
                      "resolved": "http://registry.npmjs.org/isarray/-/isarray-0.0.1.tgz"
                    },
                    "string_decoder": {
                      "version": "0.10.25-1",
                      "from": "string_decoder@~0.10.x",
                      "resolved": "http://registry.npmjs.org/string_decoder/-/string_decoder-0.10.25-1.tgz"
                    },
                    "inherits": {
                      "version": "2.0.1",
                      "from": "inherits@~2.0.1",
                      "resolved": "http://registry.npmjs.org/inherits/-/inherits-2.0.1.tgz"
                    }
                  }
                },
                "graceful-fs": {
                  "version": "1.2.3",
                  "from": "graceful-fs@1.2",
                  "resolved": "http://registry.npmjs.org/graceful-fs/-/graceful-fs-1.2.3.tgz"
                }
              }
            },
            "mkdirp": {
              "version": "0.3.5",
              "from": "mkdirp@~0.3.5",
              "resolved": "http://registry.npmjs.org/mkdirp/-/mkdirp-0.3.5.tgz"
            },
            "aws-sdk": {
              "version": "2.0.4",
              "from": "aws-sdk@~2.0.0-rc6",
              "resolved": "http://registry.npmjs.org/aws-sdk/-/aws-sdk-2.0.4.tgz",
              "dependencies": {
                "aws-sdk-apis": {
                  "version": "3.0.6",
                  "from": "aws-sdk-apis@3.x",
                  "resolved": "http://registry.npmjs.org/aws-sdk-apis/-/aws-sdk-apis-3.0.6.tgz"
                },
                "xml2js": {
                  "version": "0.2.6",
                  "from": "xml2js@0.2.6",
                  "resolved": "http://registry.npmjs.org/xml2js/-/xml2js-0.2.6.tgz",
                  "dependencies": {
                    "sax": {
                      "version": "0.4.2",
                      "from": "sax@0.4.2",
                      "resolved": "http://registry.npmjs.org/sax/-/sax-0.4.2.tgz"
                    }
                  }
                },
                "xmlbuilder": {
                  "version": "0.4.2",
                  "from": "xmlbuilder@0.4.2",
                  "resolved": "http://registry.npmjs.org/xmlbuilder/-/xmlbuilder-0.4.2.tgz"
                }
              }
            },
            "rc": {
              "version": "0.3.5",
              "from": "rc@~0.3.2",
              "resolved": "http://registry.npmjs.org/rc/-/rc-0.3.5.tgz",
              "dependencies": {
                "minimist": {
                  "version": "0.0.10",
                  "from": "minimist@~0.0.7",
                  "resolved": "http://registry.npmjs.org/minimist/-/minimist-0.0.10.tgz"
                },
                "deep-extend": {
                  "version": "0.2.10",
                  "from": "deep-extend@~0.2.5",
                  "resolved": "http://registry.npmjs.org/deep-extend/-/deep-extend-0.2.10.tgz"
                },
                "ini": {
                  "version": "1.1.0",
                  "from": "ini@~1.1.0",
                  "resolved": "http://registry.npmjs.org/ini/-/ini-1.1.0.tgz"
                }
              }
            },
            "rimraf": {
              "version": "2.2.8",
              "from": "rimraf@~2.2.5",
              "resolved": "http://registry.npmjs.org/rimraf/-/rimraf-2.2.8.tgz"
            }
          }
        }
      }
    },
    "unidecode": {
      "version": "0.1.3",
      "from": "unidecode@0.1.3",
      "resolved": "http://registry.npmjs.org/unidecode/-/unidecode-0.1.3.tgz"
    },
    "validator": {
      "version": "3.4.0",
      "from": "validator@3.4.0",
      "resolved": "http://registry.npmjs.org/validator/-/validator-3.4.0.tgz"
    },
    "when": {
      "version": "2.7.0",
      "from": "when@2.7.0",
      "resolved": "http://registry.npmjs.org/when/-/when-2.7.0.tgz"
    },
    "xml": {
      "version": "0.0.12",
      "from": "xml@0.0.12",
      "resolved": "http://registry.npmjs.org/xml/-/xml-0.0.12.tgz"
    },
    "mysql": {
      "version": "2.1.1",
      "from": "mysql@2.1.1",
      "resolved": "http://registry.npmjs.org/mysql/-/mysql-2.1.1.tgz",
      "dependencies": {
        "require-all": {
          "version": "0.0.3",
          "from": "require-all@0.0.3",
          "resolved": "http://registry.npmjs.org/require-all/-/require-all-0.0.3.tgz"
        },
        "bignumber.js": {
          "version": "1.0.1",
          "from": "bignumber.js@1.0.1",
          "resolved": "http://registry.npmjs.org/bignumber.js/-/bignumber.js-1.0.1.tgz"
        },
        "readable-stream": {
          "version": "1.1.13-1",
          "from": "readable-stream@~1.1.9",
          "resolved": "http://registry.npmjs.org/readable-stream/-/readable-stream-1.1.13-1.tgz",
          "dependencies": {
            "core-util-is": {
              "version": "1.0.1",
              "from": "core-util-is@~1.0.0",
              "resolved": "http://registry.npmjs.org/core-util-is/-/core-util-is-1.0.1.tgz"
            },
            "isarray": {
              "version": "0.0.1",
              "from": "isarray@0.0.1",
              "resolved": "http://registry.npmjs.org/isarray/-/isarray-0.0.1.tgz"
            },
            "string_decoder": {
              "version": "0.10.25-1",
              "from": "string_decoder@~0.10.x",
              "resolved": "http://registry.npmjs.org/string_decoder/-/string_decoder-0.10.25-1.tgz"
            },
            "inherits": {
              "version": "2.0.1",
              "from": "inherits@~2.0.1",
              "resolved": "http://registry.npmjs.org/inherits/-/inherits-2.0.1.tgz"
            }
          }
        }
      }
    }
  }
}
